{
  "name": "nodejs_app",
  "version": "1.0.0",
  "lockfileVersion": 3,
  "requires": true,
  "packages": {
    "": {
      "name": "nodejs_app",
      "version": "1.0.0",
      "license": "ISC",
      "devDependencies": {
        "koffi": "^2.9.2"
      }
    },
    "node_modules/koffi": {
      "version": "2.9.2",
      "resolved": "https://registry.npmjs.org/koffi/-/koffi-2.9.2.tgz",
      "integrity": "sha512-qwKzo4PTN66A0mRcLcMCcay5XS0hAcOLaGijtmP72tJSzH5P4OzufPJ+0uHtL+dqVkvVZMnkeEVQoHYy7KBaVw==",
      "dev": true,
      "hasInstallScript": true,
      "license": "MIT"
    }
  }
}
